// !$*UTF8*$!
{
	archiveVersion = 1;
	classes = {
	};
	objectVersion = 56;
	objects = {

/* Begin PBXBuildFile section */
		CD5333262C1231C3009175E0 /* CSParticleMorpher.cpp in Sources */ = {isa = PBXBuildFile; fileRef = CD5333252C1231C3009175E0 /* CSParticleMorpher.cpp */; };
		CD53332A2C123781009175E0 /* NParticles.cpp in Sources */ = {isa = PBXBuildFile; fileRef = CD5333292C123781009175E0 /* NParticles.cpp */; };
		CD53332C2C12396E009175E0 /* ApplicationBase.cpp in Sources */ = {isa = PBXBuildFile; fileRef = CD53332B2C12396E009175E0 /* ApplicationBase.cpp */; };
		CD5333302C1308B7009175E0 /* Cloth.cpp in Sources */ = {isa = PBXBuildFile; fileRef = CD53332F2C1308B6009175E0 /* Cloth.cpp */; };
		CDCC25012BF9368400A3AD75 /* libglfw.3.4.dylib in Frameworks */ = {isa = PBXBuildFile; fileRef = CDCC25002BF9368400A3AD75 /* libglfw.3.4.dylib */; };
		CDCC25032BF936E400A3AD75 /* libvulkan.1.dylib in Frameworks */ = {isa = PBXBuildFile; fileRef = CDCC25022BF936E400A3AD75 /* libvulkan.1.dylib */; };
		CDCC25052BF936EB00A3AD75 /* libvulkan.1.3.283.dylib in Frameworks */ = {isa = PBXBuildFile; fileRef = CDCC25042BF936EA00A3AD75 /* libvulkan.1.3.283.dylib */; };
		CDCC25062BF9374600A3AD75 /* libvulkan.1.3.283.dylib in CopyFiles */ = {isa = PBXBuildFile; fileRef = CDCC25042BF936EA00A3AD75 /* libvulkan.1.3.283.dylib */; settings = {ATTRIBUTES = (CodeSignOnCopy, ); }; };
		CDCC25072BF9374600A3AD75 /* libvulkan.1.dylib in CopyFiles */ = {isa = PBXBuildFile; fileRef = CDCC25022BF936E400A3AD75 /* libvulkan.1.dylib */; settings = {ATTRIBUTES = (CodeSignOnCopy, ); }; };
		CDCC25082BF9374600A3AD75 /* libglfw.3.4.dylib in CopyFiles */ = {isa = PBXBuildFile; fileRef = CDCC25002BF9368400A3AD75 /* libglfw.3.4.dylib */; settings = {ATTRIBUTES = (CodeSignOnCopy, ); }; };
/* End PBXBuildFile section */

/* Begin PBXCopyFilesBuildPhase section */
		CDCC24F32BF931BB00A3AD75 /* CopyFiles */ = {
			isa = PBXCopyFilesBuildPhase;
			buildActionMask = 12;
			dstPath = "";
			dstSubfolderSpec = 10;
			files = (
				CDCC25062BF9374600A3AD75 /* libvulkan.1.3.283.dylib in CopyFiles */,
				CDCC25072BF9374600A3AD75 /* libvulkan.1.dylib in CopyFiles */,
				CDCC25082BF9374600A3AD75 /* libglfw.3.4.dylib in CopyFiles */,
			);
			runOnlyForDeploymentPostprocessing = 0;
		};
/* End PBXCopyFilesBuildPhase section */

/* Begin PBXFileReference section */
		CD53331B2C10AB9F009175E0 /* ApplicationBase.hpp */ = {isa = PBXFileReference; lastKnownFileType = sourcecode.cpp.h; name = ApplicationBase.hpp; path = base/ApplicationBase.hpp; sourceTree = "<group>"; };
		CD5333242C10DA9E009175E0 /* VulkanUtil.hpp */ = {isa = PBXFileReference; lastKnownFileType = sourcecode.cpp.h; name = VulkanUtil.hpp; path = base/VulkanUtil.hpp; sourceTree = "<group>"; };
		CD5333252C1231C3009175E0 /* CSParticleMorpher.cpp */ = {isa = PBXFileReference; fileEncoding = 4; lastKnownFileType = sourcecode.cpp.cpp; path = CSParticleMorpher.cpp; sourceTree = "<group>"; };
		CD5333292C123781009175E0 /* NParticles.cpp */ = {isa = PBXFileReference; fileEncoding = 4; lastKnownFileType = sourcecode.cpp.cpp; name = NParticles.cpp; path = NParticles/NParticles.cpp; sourceTree = "<group>"; };
		CD53332B2C12396E009175E0 /* ApplicationBase.cpp */ = {isa = PBXFileReference; lastKnownFileType = sourcecode.cpp.cpp; name = ApplicationBase.cpp; path = base/ApplicationBase.cpp; sourceTree = "<group>"; };
		CD53332F2C1308B6009175E0 /* Cloth.cpp */ = {isa = PBXFileReference; fileEncoding = 4; lastKnownFileType = sourcecode.cpp.cpp; name = Cloth.cpp; path = Cloth/Cloth.cpp; sourceTree = "<group>"; };
		CDCC24F52BF931BB00A3AD75 /* VulkanRenderer */ = {isa = PBXFileReference; explicitFileType = "compiled.mach-o.executable"; includeInIndex = 0; path = VulkanRenderer; sourceTree = BUILT_PRODUCTS_DIR; };
		CDCC25002BF9368400A3AD75 /* libglfw.3.4.dylib */ = {isa = PBXFileReference; lastKnownFileType = "compiled.mach-o.dylib"; name = libglfw.3.4.dylib; path = ../../../../../opt/homebrew/lib/libglfw.3.4.dylib; sourceTree = "<group>"; };
		CDCC25022BF936E400A3AD75 /* libvulkan.1.dylib */ = {isa = PBXFileReference; lastKnownFileType = "compiled.mach-o.dylib"; name = libvulkan.1.dylib; path = ../../../VulkanSDK/1.3.283.0/macOS/lib/libvulkan.1.dylib; sourceTree = "<group>"; };
		CDCC25042BF936EA00A3AD75 /* libvulkan.1.3.283.dylib */ = {isa = PBXFileReference; lastKnownFileType = "compiled.mach-o.dylib"; name = libvulkan.1.3.283.dylib; path = ../../../VulkanSDK/1.3.283.0/macOS/lib/libvulkan.1.3.283.dylib; sourceTree = "<group>"; };
/* End PBXFileReference section */

/* Begin PBXFrameworksBuildPhase section */
		CDCC24F22BF931BB00A3AD75 /* Frameworks */ = {
			isa = PBXFrameworksBuildPhase;
			buildActionMask = 2147483647;
			files = (
				CDCC25032BF936E400A3AD75 /* libvulkan.1.dylib in Frameworks */,
				CDCC25052BF936EB00A3AD75 /* libvulkan.1.3.283.dylib in Frameworks */,
				CDCC25012BF9368400A3AD75 /* libglfw.3.4.dylib in Frameworks */,
			);
			runOnlyForDeploymentPostprocessing = 0;
		};
/* End PBXFrameworksBuildPhase section */

/* Begin PBXGroup section */
		CDCC24EC2BF931BB00A3AD75 = {
			isa = PBXGroup;
			children = (
				CDCC24F72BF931BB00A3AD75 /* VulkanRenderer */,
				CDCC24F62BF931BB00A3AD75 /* Products */,
				CDCC24FF2BF9368400A3AD75 /* Frameworks */,
			);
			sourceTree = "<group>";
		};
		CDCC24F62BF931BB00A3AD75 /* Products */ = {
			isa = PBXGroup;
			children = (
				CDCC24F52BF931BB00A3AD75 /* VulkanRenderer */,
			);
			name = Products;
			sourceTree = "<group>";
		};
		CDCC24F72BF931BB00A3AD75 /* VulkanRenderer */ = {
			isa = PBXGroup;
			children = (
				CD5333242C10DA9E009175E0 /* VulkanUtil.hpp */,
				CD5333292C123781009175E0 /* NParticles.cpp */,
				CD53332F2C1308B6009175E0 /* Cloth.cpp */,
				CD5333252C1231C3009175E0 /* CSParticleMorpher.cpp */,
				CD53331B2C10AB9F009175E0 /* ApplicationBase.hpp */,
				CD53332B2C12396E009175E0 /* ApplicationBase.cpp */,
			);
			path = VulkanRenderer;
			sourceTree = "<group>";
		};
		CDCC24FF2BF9368400A3AD75 /* Frameworks */ = {
			isa = PBXGroup;
			children = (
				CDCC25042BF936EA00A3AD75 /* libvulkan.1.3.283.dylib */,
				CDCC25022BF936E400A3AD75 /* libvulkan.1.dylib */,
				CDCC25002BF9368400A3AD75 /* libglfw.3.4.dylib */,
			);
			name = Frameworks;
			sourceTree = "<group>";
		};
/* End PBXGroup section */

/* Begin PBXNativeTarget section */
		CDCC24F42BF931BB00A3AD75 /* VulkanRenderer */ = {
			isa = PBXNativeTarget;
			buildConfigurationList = CDCC24FC2BF931BB00A3AD75 /* Build configuration list for PBXNativeTarget "VulkanRenderer" */;
			buildPhases = (
				CDCC24F12BF931BB00A3AD75 /* Sources */,
				CDCC24F22BF931BB00A3AD75 /* Frameworks */,
				CDCC24F32BF931BB00A3AD75 /* CopyFiles */,
			);
			buildRules = (
			);
			dependencies = (
			);
			name = VulkanRenderer;
			productName = VulkanRenderer;
			productReference = CDCC24F52BF931BB00A3AD75 /* VulkanRenderer */;
			productType = "com.apple.product-type.tool";
		};
/* End PBXNativeTarget section */

/* Begin PBXProject section */
		CDCC24ED2BF931BB00A3AD75 /* Project object */ = {
			isa = PBXProject;
			attributes = {
				BuildIndependentTargetsInParallel = 1;
				LastUpgradeCheck = 1430;
				TargetAttributes = {
					CDCC24F42BF931BB00A3AD75 = {
						CreatedOnToolsVersion = 14.3.1;
					};
				};
			};
			buildConfigurationList = CDCC24F02BF931BB00A3AD75 /* Build configuration list for PBXProject "VulkanRenderer" */;
			compatibilityVersion = "Xcode 14.0";
			developmentRegion = en;
			hasScannedForEncodings = 0;
			knownRegions = (
				en,
				Base,
			);
			mainGroup = CDCC24EC2BF931BB00A3AD75;
			productRefGroup = CDCC24F62BF931BB00A3AD75 /* Products */;
			projectDirPath = "";
			projectRoot = "";
			targets = (
				CDCC24F42BF931BB00A3AD75 /* VulkanRenderer */,
			);
		};
/* End PBXProject section */

/* Begin PBXSourcesBuildPhase section */
		CDCC24F12BF931BB00A3AD75 /* Sources */ = {
			isa = PBXSourcesBuildPhase;
			buildActionMask = 2147483647;
			files = (
				CD5333302C1308B7009175E0 /* Cloth.cpp in Sources */,
				CD53332A2C123781009175E0 /* NParticles.cpp in Sources */,
				CD5333262C1231C3009175E0 /* CSParticleMorpher.cpp in Sources */,
				CD53332C2C12396E009175E0 /* ApplicationBase.cpp in Sources */,
			);
			runOnlyForDeploymentPostprocessing = 0;
		};
/* End PBXSourcesBuildPhase section */

/* Begin XCBuildConfiguration section */
		CDCC24FA2BF931BB00A3AD75 /* Debug */ = {
			isa = XCBuildConfiguration;
			buildSettings = {
				ALWAYS_SEARCH_USER_PATHS = NO;
				CLANG_ANALYZER_NONNULL = YES;
				CLANG_ANALYZER_NUMBER_OBJECT_CONVERSION = YES_AGGRESSIVE;
				CLANG_CXX_LANGUAGE_STANDARD = "gnu++20";
				CLANG_ENABLE_MODULES = YES;
				CLANG_ENABLE_OBJC_ARC = YES;
				CLANG_ENABLE_OBJC_WEAK = YES;
				CLANG_WARN_BLOCK_CAPTURE_AUTORELEASING = YES;
				CLANG_WARN_BOOL_CONVERSION = YES;
				CLANG_WARN_COMMA = YES;
				CLANG_WARN_CONSTANT_CONVERSION = YES;
				CLANG_WARN_DEPRECATED_OBJC_IMPLEMENTATIONS = YES;
				CLANG_WARN_DIRECT_OBJC_ISA_USAGE = YES_ERROR;
				CLANG_WARN_DOCUMENTATION_COMMENTS = YES;
				CLANG_WARN_EMPTY_BODY = YES;
				CLANG_WARN_ENUM_CONVERSION = YES;
				CLANG_WARN_INFINITE_RECURSION = YES;
				CLANG_WARN_INT_CONVERSION = YES;
				CLANG_WARN_NON_LITERAL_NULL_CONVERSION = YES;
				CLANG_WARN_OBJC_IMPLICIT_RETAIN_SELF = YES;
				CLANG_WARN_OBJC_LITERAL_CONVERSION = YES;
				CLANG_WARN_OBJC_ROOT_CLASS = YES_ERROR;
				CLANG_WARN_QUOTED_INCLUDE_IN_FRAMEWORK_HEADER = YES;
				CLANG_WARN_RANGE_LOOP_ANALYSIS = YES;
				CLANG_WARN_STRICT_PROTOTYPES = YES;
				CLANG_WARN_SUSPICIOUS_MOVE = YES;
				CLANG_WARN_UNGUARDED_AVAILABILITY = YES_AGGRESSIVE;
				CLANG_WARN_UNREACHABLE_CODE = YES;
				CLANG_WARN__DUPLICATE_METHOD_MATCH = YES;
				COPY_PHASE_STRIP = NO;
				DEBUG_INFORMATION_FORMAT = dwarf;
				ENABLE_STRICT_OBJC_MSGSEND = YES;
				ENABLE_TESTABILITY = YES;
				GCC_C_LANGUAGE_STANDARD = gnu11;
				GCC_DYNAMIC_NO_PIC = NO;
				GCC_NO_COMMON_BLOCKS = YES;
				GCC_OPTIMIZATION_LEVEL = 0;
				GCC_PREPROCESSOR_DEFINITIONS = (
					"DEBUG=1",
					"$(inherited)",
				);
				GCC_WARN_64_TO_32_BIT_CONVERSION = YES;
				GCC_WARN_ABOUT_RETURN_TYPE = YES_ERROR;
				GCC_WARN_UNDECLARED_SELECTOR = YES;
				GCC_WARN_UNINITIALIZED_AUTOS = YES_AGGRESSIVE;
				GCC_WARN_UNUSED_FUNCTION = YES;
				GCC_WARN_UNUSED_VARIABLE = YES;
				MACOSX_DEPLOYMENT_TARGET = 13.3;
				MTL_ENABLE_DEBUG_INFO = INCLUDE_SOURCE;
				MTL_FAST_MATH = YES;
				ONLY_ACTIVE_ARCH = YES;
				SDKROOT = macosx;
			};
			name = Debug;
		};
		CDCC24FB2BF931BB00A3AD75 /* Release */ = {
			isa = XCBuildConfiguration;
			buildSettings = {
				ALWAYS_SEARCH_USER_PATHS = NO;
				CLANG_ANALYZER_NONNULL = YES;
				CLANG_ANALYZER_NUMBER_OBJECT_CONVERSION = YES_AGGRESSIVE;
				CLANG_CXX_LANGUAGE_STANDARD = "gnu++20";
				CLANG_ENABLE_MODULES = YES;
				CLANG_ENABLE_OBJC_ARC = YES;
				CLANG_ENABLE_OBJC_WEAK = YES;
				CLANG_WARN_BLOCK_CAPTURE_AUTORELEASING = YES;
				CLANG_WARN_BOOL_CONVERSION = YES;
				CLANG_WARN_COMMA = YES;
				CLANG_WARN_CONSTANT_CONVERSION = YES;
				CLANG_WARN_DEPRECATED_OBJC_IMPLEMENTATIONS = YES;
				CLANG_WARN_DIRECT_OBJC_ISA_USAGE = YES_ERROR;
				CLANG_WARN_DOCUMENTATION_COMMENTS = YES;
				CLANG_WARN_EMPTY_BODY = YES;
				CLANG_WARN_ENUM_CONVERSION = YES;
				CLANG_WARN_INFINITE_RECURSION = YES;
				CLANG_WARN_INT_CONVERSION = YES;
				CLANG_WARN_NON_LITERAL_NULL_CONVERSION = YES;
				CLANG_WARN_OBJC_IMPLICIT_RETAIN_SELF = YES;
				CLANG_WARN_OBJC_LITERAL_CONVERSION = YES;
				CLANG_WARN_OBJC_ROOT_CLASS = YES_ERROR;
				CLANG_WARN_QUOTED_INCLUDE_IN_FRAMEWORK_HEADER = YES;
				CLANG_WARN_RANGE_LOOP_ANALYSIS = YES;
				CLANG_WARN_STRICT_PROTOTYPES = YES;
				CLANG_WARN_SUSPICIOUS_MOVE = YES;
				CLANG_WARN_UNGUARDED_AVAILABILITY = YES_AGGRESSIVE;
				CLANG_WARN_UNREACHABLE_CODE = YES;
				CLANG_WARN__DUPLICATE_METHOD_MATCH = YES;
				COPY_PHASE_STRIP = NO;
				DEBUG_INFORMATION_FORMAT = "dwarf-with-dsym";
				ENABLE_NS_ASSERTIONS = NO;
				ENABLE_STRICT_OBJC_MSGSEND = YES;
				GCC_C_LANGUAGE_STANDARD = gnu11;
				GCC_NO_COMMON_BLOCKS = YES;
				GCC_WARN_64_TO_32_BIT_CONVERSION = YES;
				GCC_WARN_ABOUT_RETURN_TYPE = YES_ERROR;
				GCC_WARN_UNDECLARED_SELECTOR = YES;
				GCC_WARN_UNINITIALIZED_AUTOS = YES_AGGRESSIVE;
				GCC_WARN_UNUSED_FUNCTION = YES;
				GCC_WARN_UNUSED_VARIABLE = YES;
				MACOSX_DEPLOYMENT_TARGET = 13.3;
				MTL_ENABLE_DEBUG_INFO = NO;
				MTL_FAST_MATH = YES;
				SDKROOT = macosx;
			};
			name = Release;
		};
		CDCC24FD2BF931BB00A3AD75 /* Debug */ = {
			isa = XCBuildConfiguration;
			buildSettings = {
				CODE_SIGN_STYLE = Automatic;
				GCC_NO_COMMON_BLOCKS = NO;
				HEADER_SEARCH_PATHS = (
					/opt/homebrew/include,
					/Users/liuyang/VulkanSDK/1.3.283.0/macOS/include,
				);
				LIBRARY_SEARCH_PATHS = (
					/opt/homebrew/lib,
					/Users/liuyang/VulkanSDK/1.3.283.0/macOS/lib,
				);
				PRODUCT_NAME = "$(TARGET_NAME)";
			};
			name = Debug;
		};
		CDCC24FE2BF931BB00A3AD75 /* Release */ = {
			isa = XCBuildConfiguration;
			buildSettings = {
				CODE_SIGN_STYLE = Automatic;
				GCC_NO_COMMON_BLOCKS = NO;
				HEADER_SEARCH_PATHS = (
					/opt/homebrew/include,
					/Users/liuyang/VulkanSDK/1.3.283.0/macOS/include,
				);
				LIBRARY_SEARCH_PATHS = (
					/opt/homebrew/lib,
					/Users/liuyang/VulkanSDK/1.3.283.0/macOS/lib,
				);
				PRODUCT_NAME = "$(TARGET_NAME)";
			};
			name = Release;
		};
/* End XCBuildConfiguration section */

/* Begin XCConfigurationList section */
		CDCC24F02BF931BB00A3AD75 /* Build configuration list for PBXProject "VulkanRenderer" */ = {
			isa = XCConfigurationList;
			buildConfigurations = (
				CDCC24FA2BF931BB00A3AD75 /* Debug */,
				CDCC24FB2BF931BB00A3AD75 /* Release */,
			);
			defaultConfigurationIsVisible = 0;
			defaultConfigurationName = Release;
		};
		CDCC24FC2BF931BB00A3AD75 /* Build configuration list for PBXNativeTarget "VulkanRenderer" */ = {
			isa = XCConfigurationList;
			buildConfigurations = (
				CDCC24FD2BF931BB00A3AD75 /* Debug */,
				CDCC24FE2BF931BB00A3AD75 /* Release */,
			);
			defaultConfigurationIsVisible = 0;
			defaultConfigurationName = Release;
		};
/* End XCConfigurationList section */
	};
	rootObject = CDCC24ED2BF931BB00A3AD75 /* Project object */;
}
